// !$*UTF8*$!
{
	archiveVersion = 1;
	classes = {
	};
	objectVersion = 48;
	objects = {

/* Begin PBXBuildFile section */
		BAB4DEC21FD6F1D20096E405 /* AppDelegate.swift in Sources */ = {isa = PBXBuildFile; fileRef = BAB4DEC11FD6F1D20096E405 /* AppDelegate.swift */; };
		BAB4DEC41FD6F1D20096E405 /* ViewController.swift in Sources */ = {isa = PBXBuildFile; fileRef = BAB4DEC31FD6F1D20096E405 /* ViewController.swift */; };
		BAB4DEC71FD6F1D20096E405 /* Main.storyboard in Resources */ = {isa = PBXBuildFile; fileRef = BAB4DEC51FD6F1D20096E405 /* Main.storyboard */; };
		BAB4DECA1FD6F1D20096E405 /* Lab1Integration.xcdatamodeld in Sources */ = {isa = PBXBuildFile; fileRef = BAB4DEC81FD6F1D20096E405 /* Lab1Integration.xcdatamodeld */; };
		BAB4DECC1FD6F1D20096E405 /* Assets.xcassets in Resources */ = {isa = PBXBuildFile; fileRef = BAB4DECB1FD6F1D20096E405 /* Assets.xcassets */; };
		BAB4DECF1FD6F1D20096E405 /* LaunchScreen.storyboard in Resources */ = {isa = PBXBuildFile; fileRef = BAB4DECD1FD6F1D20096E405 /* LaunchScreen.storyboard */; };
		BAB4DEDA1FD6F1D30096E405 /* Lab1IntegrationTests.swift in Sources */ = {isa = PBXBuildFile; fileRef = BAB4DED91FD6F1D30096E405 /* Lab1IntegrationTests.swift */; };
		BAB4DEE51FD6F1D30096E405 /* Lab1IntegrationUITests.swift in Sources */ = {isa = PBXBuildFile; fileRef = BAB4DEE41FD6F1D30096E405 /* Lab1IntegrationUITests.swift */; };
/* End PBXBuildFile section */

/* Begin PBXContainerItemProxy section */
		BAB4DED61FD6F1D30096E405 /* PBXContainerItemProxy */ = {
			isa = PBXContainerItemProxy;
			containerPortal = BAB4DEB61FD6F1D20096E405 /* Project object */;
			proxyType = 1;
			remoteGlobalIDString = BAB4DEBD1FD6F1D20096E405;
			remoteInfo = Lab1Integration;
		};
		BAB4DEE11FD6F1D30096E405 /* PBXContainerItemProxy */ = {
			isa = PBXContainerItemProxy;
			containerPortal = BAB4DEB61FD6F1D20096E405 /* Project object */;
			proxyType = 1;
			remoteGlobalIDString = BAB4DEBD1FD6F1D20096E405;
			remoteInfo = Lab1Integration;
		};
/* End PBXContainerItemProxy section */

/* Begin PBXFileReference section */
		BAB4DEBE1FD6F1D20096E405 /* Lab1Integration.app */ = {isa = PBXFileReference; explicitFileType = wrapper.application; includeInIndex = 0; path = Lab1Integration.app; sourceTree = BUILT_PRODUCTS_DIR; };
		BAB4DEC11FD6F1D20096E405 /* AppDelegate.swift */ = {isa = PBXFileReference; lastKnownFileType = sourcecode.swift; path = AppDelegate.swift; sourceTree = "<group>"; };
		BAB4DEC31FD6F1D20096E405 /* ViewController.swift */ = {isa = PBXFileReference; lastKnownFileType = sourcecode.swift; path = ViewController.swift; sourceTree = "<group>"; };
		BAB4DEC61FD6F1D20096E405 /* Base */ = {isa = PBXFileReference; lastKnownFileType = file.storyboard; name = Base; path = Base.lproj/Main.storyboard; sourceTree = "<group>"; };
		BAB4DEC91FD6F1D20096E405 /* Lab1Integration.xcdatamodel */ = {isa = PBXFileReference; lastKnownFileType = wrapper.xcdatamodel; path = Lab1Integration.xcdatamodel; sourceTree = "<group>"; };
		BAB4DECB1FD6F1D20096E405 /* Assets.xcassets */ = {isa = PBXFileReference; lastKnownFileType = folder.assetcatalog; path = Assets.xcassets; sourceTree = "<group>"; };
		BAB4DECE1FD6F1D20096E405 /* Base */ = {isa = PBXFileReference; lastKnownFileType = file.storyboard; name = Base; path = Base.lproj/LaunchScreen.storyboard; sourceTree = "<group>"; };
		BAB4DED01FD6F1D20096E405 /* Info.plist */ = {isa = PBXFileReference; lastKnownFileType = text.plist.xml; path = Info.plist; sourceTree = "<group>"; };
		BAB4DED51FD6F1D30096E405 /* Lab1IntegrationTests.xctest */ = {isa = PBXFileReference; explicitFileType = wrapper.cfbundle; includeInIndex = 0; path = Lab1IntegrationTests.xctest; sourceTree = BUILT_PRODUCTS_DIR; };
		BAB4DED91FD6F1D30096E405 /* Lab1IntegrationTests.swift */ = {isa = PBXFileReference; lastKnownFileType = sourcecode.swift; path = Lab1IntegrationTests.swift; sourceTree = "<group>"; };
		BAB4DEDB1FD6F1D30096E405 /* Info.plist */ = {isa = PBXFileReference; lastKnownFileType = text.plist.xml; path = Info.plist; sourceTree = "<group>"; };
		BAB4DEE01FD6F1D30096E405 /* Lab1IntegrationUITests.xctest */ = {isa = PBXFileReference; explicitFileType = wrapper.cfbundle; includeInIndex = 0; path = Lab1IntegrationUITests.xctest; sourceTree = BUILT_PRODUCTS_DIR; };
		BAB4DEE41FD6F1D30096E405 /* Lab1IntegrationUITests.swift */ = {isa = PBXFileReference; lastKnownFileType = sourcecode.swift; path = Lab1IntegrationUITests.swift; sourceTree = "<group>"; };
		BAB4DEE61FD6F1D30096E405 /* Info.plist */ = {isa = PBXFileReference; lastKnownFileType = text.plist.xml; path = Info.plist; sourceTree = "<group>"; };
/* End PBXFileReference section */

/* Begin PBXFrameworksBuildPhase section */
		BAB4DEBB1FD6F1D20096E405 /* Frameworks */ = {
			isa = PBXFrameworksBuildPhase;
			buildActionMask = 2147483647;
			files = (
			);
			runOnlyForDeploymentPostprocessing = 0;
		};
		BAB4DED21FD6F1D30096E405 /* Frameworks */ = {
			isa = PBXFrameworksBuildPhase;
			buildActionMask = 2147483647;
			files = (
			);
			runOnlyForDeploymentPostprocessing = 0;
		};
		BAB4DEDD1FD6F1D30096E405 /* Frameworks */ = {
			isa = PBXFrameworksBuildPhase;
			buildActionMask = 2147483647;
			files = (
			);
			runOnlyForDeploymentPostprocessing = 0;
		};
/* End PBXFrameworksBuildPhase section */

/* Begin PBXGroup section */
		BAB4DEB51FD6F1D20096E405 = {
			isa = PBXGroup;
			children = (
				BAB4DEC01FD6F1D20096E405 /* Lab1Integration */,
				BAB4DED81FD6F1D30096E405 /* Lab1IntegrationTests */,
				BAB4DEE31FD6F1D30096E405 /* Lab1IntegrationUITests */,
				BAB4DEBF1FD6F1D20096E405 /* Products */,
			);
			sourceTree = "<group>";
		};
		BAB4DEBF1FD6F1D20096E405 /* Products */ = {
			isa = PBXGroup;
			children = (
				BAB4DEBE1FD6F1D20096E405 /* Lab1Integration.app */,
				BAB4DED51FD6F1D30096E405 /* Lab1IntegrationTests.xctest */,
				BAB4DEE01FD6F1D30096E405 /* Lab1IntegrationUITests.xctest */,
			);
			name = Products;
			sourceTree = "<group>";
		};
		BAB4DEC01FD6F1D20096E405 /* Lab1Integration */ = {
			isa = PBXGroup;
			children = (
				BAB4DEC11FD6F1D20096E405 /* AppDelegate.swift */,
				BAB4DEC31FD6F1D20096E405 /* ViewController.swift */,
				BAB4DEC51FD6F1D20096E405 /* Main.storyboard */,
				BAB4DECB1FD6F1D20096E405 /* Assets.xcassets */,
				BAB4DECD1FD6F1D20096E405 /* LaunchScreen.storyboard */,
				BAB4DED01FD6F1D20096E405 /* Info.plist */,
				BAB4DEC81FD6F1D20096E405 /* Lab1Integration.xcdatamodeld */,
			);
			path = Lab1Integration;
			sourceTree = "<group>";
		};
		BAB4DED81FD6F1D30096E405 /* Lab1IntegrationTests */ = {
			isa = PBXGroup;
			children = (
				BAB4DED91FD6F1D30096E405 /* Lab1IntegrationTests.swift */,
				BAB4DEDB1FD6F1D30096E405 /* Info.plist */,
			);
			path = Lab1IntegrationTests;
			sourceTree = "<group>";
		};
		BAB4DEE31FD6F1D30096E405 /* Lab1IntegrationUITests */ = {
			isa = PBXGroup;
			children = (
				BAB4DEE41FD6F1D30096E405 /* Lab1IntegrationUITests.swift */,
				BAB4DEE61FD6F1D30096E405 /* Info.plist */,
			);
			path = Lab1IntegrationUITests;
			sourceTree = "<group>";
		};
/* End PBXGroup section */

/* Begin PBXNativeTarget section */
		BAB4DEBD1FD6F1D20096E405 /* Lab1Integration */ = {
			isa = PBXNativeTarget;
			buildConfigurationList = BAB4DEE91FD6F1D30096E405 /* Build configuration list for PBXNativeTarget "Lab1Integration" */;
			buildPhases = (
				BAB4DEBA1FD6F1D20096E405 /* Sources */,
				BAB4DEBB1FD6F1D20096E405 /* Frameworks */,
				BAB4DEBC1FD6F1D20096E405 /* Resources */,
			);
			buildRules = (
			);
			dependencies = (
			);
			name = Lab1Integration;
			productName = Lab1Integration;
			productReference = BAB4DEBE1FD6F1D20096E405 /* Lab1Integration.app */;
			productType = "com.apple.product-type.application";
		};
		BAB4DED41FD6F1D30096E405 /* Lab1IntegrationTests */ = {
			isa = PBXNativeTarget;
			buildConfigurationList = BAB4DEEC1FD6F1D30096E405 /* Build configuration list for PBXNativeTarget "Lab1IntegrationTests" */;
			buildPhases = (
				BAB4DED11FD6F1D30096E405 /* Sources */,
				BAB4DED21FD6F1D30096E405 /* Frameworks */,
				BAB4DED31FD6F1D30096E405 /* Resources */,
			);
			buildRules = (
			);
			dependencies = (
				BAB4DED71FD6F1D30096E405 /* PBXTargetDependency */,
			);
			name = Lab1IntegrationTests;
			productName = Lab1IntegrationTests;
			productReference = BAB4DED51FD6F1D30096E405 /* Lab1IntegrationTests.xctest */;
			productType = "com.apple.product-type.bundle.unit-test";
		};
		BAB4DEDF1FD6F1D30096E405 /* Lab1IntegrationUITests */ = {
			isa = PBXNativeTarget;
			buildConfigurationList = BAB4DEEF1FD6F1D30096E405 /* Build configuration list for PBXNativeTarget "Lab1IntegrationUITests" */;
			buildPhases = (
				BAB4DEDC1FD6F1D30096E405 /* Sources */,
				BAB4DEDD1FD6F1D30096E405 /* Frameworks */,
				BAB4DEDE1FD6F1D30096E405 /* Resources */,
			);
			buildRules = (
			);
			dependencies = (
				BAB4DEE21FD6F1D30096E405 /* PBXTargetDependency */,
			);
			name = Lab1IntegrationUITests;
			productName = Lab1IntegrationUITests;
			productReference = BAB4DEE01FD6F1D30096E405 /* Lab1IntegrationUITests.xctest */;
			productType = "com.apple.product-type.bundle.ui-testing";
		};
/* End PBXNativeTarget section */

/* Begin PBXProject section */
		BAB4DEB61FD6F1D20096E405 /* Project object */ = {
			isa = PBXProject;
			attributes = {
				LastSwiftUpdateCheck = 0920;
				LastUpgradeCheck = 0920;
				ORGANIZATIONNAME = Smartech;
				TargetAttributes = {
					BAB4DEBD1FD6F1D20096E405 = {
						CreatedOnToolsVersion = 9.2;
						ProvisioningStyle = Automatic;
					};
					BAB4DED41FD6F1D30096E405 = {
						CreatedOnToolsVersion = 9.2;
						ProvisioningStyle = Automatic;
						TestTargetID = BAB4DEBD1FD6F1D20096E405;
					};
					BAB4DEDF1FD6F1D30096E405 = {
						CreatedOnToolsVersion = 9.2;
						ProvisioningStyle = Automatic;
						TestTargetID = BAB4DEBD1FD6F1D20096E405;
					};
				};
			};
			buildConfigurationList = BAB4DEB91FD6F1D20096E405 /* Build configuration list for PBXProject "Lab1Integration" */;
			compatibilityVersion = "Xcode 8.0";
			developmentRegion = en;
			hasScannedForEncodings = 0;
			knownRegions = (
				en,
				Base,
			);
			mainGroup = BAB4DEB51FD6F1D20096E405;
			productRefGroup = BAB4DEBF1FD6F1D20096E405 /* Products */;
			projectDirPath = "";
			projectRoot = "";
			targets = (
				BAB4DEBD1FD6F1D20096E405 /* Lab1Integration */,
				BAB4DED41FD6F1D30096E405 /* Lab1IntegrationTests */,
				BAB4DEDF1FD6F1D30096E405 /* Lab1IntegrationUITests */,
			);
		};
/* End PBXProject section */

/* Begin PBXResourcesBuildPhase section */
		BAB4DEBC1FD6F1D20096E405 /* Resources */ = {
			isa = PBXResourcesBuildPhase;
			buildActionMask = 2147483647;
			files = (
				BAB4DECF1FD6F1D20096E405 /* LaunchScreen.storyboard in Resources */,
				BAB4DECC1FD6F1D20096E405 /* Assets.xcassets in Resources */,
				BAB4DEC71FD6F1D20096E405 /* Main.storyboard in Resources */,
			);
			runOnlyForDeploymentPostprocessing = 0;
		};
		BAB4DED31FD6F1D30096E405 /* Resources */ = {
			isa = PBXResourcesBuildPhase;
			buildActionMask = 2147483647;
			files = (
			);
			runOnlyForDeploymentPostprocessing = 0;
		};
		BAB4DEDE1FD6F1D30096E405 /* Resources */ = {
			isa = PBXResourcesBuildPhase;
			buildActionMask = 2147483647;
			files = (
			);
			runOnlyForDeploymentPostprocessing = 0;
		};
/* End PBXResourcesBuildPhase section */

/* Begin PBXSourcesBuildPhase section */
		BAB4DEBA1FD6F1D20096E405 /* Sources */ = {
			isa = PBXSourcesBuildPhase;
			buildActionMask = 2147483647;
			files = (
				BAB4DEC41FD6F1D20096E405 /* ViewController.swift in Sources */,
				BAB4DEC21FD6F1D20096E405 /* AppDelegate.swift in Sources */,
				BAB4DECA1FD6F1D20096E405 /* Lab1Integration.xcdatamodeld in Sources */,
			);
			runOnlyForDeploymentPostprocessing = 0;
		};
		BAB4DED11FD6F1D30096E405 /* Sources */ = {
			isa = PBXSourcesBuildPhase;
			buildActionMask = 2147483647;
			files = (
				BAB4DEDA1FD6F1D30096E405 /* Lab1IntegrationTests.swift in Sources */,
			);
			runOnlyForDeploymentPostprocessing = 0;
		};
		BAB4DEDC1FD6F1D30096E405 /* Sources */ = {
			isa = PBXSourcesBuildPhase;
			buildActionMask = 2147483647;
			files = (
				BAB4DEE51FD6F1D30096E405 /* Lab1IntegrationUITests.swift in Sources */,
			);
			runOnlyForDeploymentPostprocessing = 0;
		};
/* End PBXSourcesBuildPhase section */

/* Begin PBXTargetDependency section */
		BAB4DED71FD6F1D30096E405 /* PBXTargetDependency */ = {
			isa = PBXTargetDependency;
			target = BAB4DEBD1FD6F1D20096E405 /* Lab1Integration */;
			targetProxy = BAB4DED61FD6F1D30096E405 /* PBXContainerItemProxy */;
		};
		BAB4DEE21FD6F1D30096E405 /* PBXTargetDependency */ = {
			isa = PBXTargetDependency;
			target = BAB4DEBD1FD6F1D20096E405 /* Lab1Integration */;
			targetProxy = BAB4DEE11FD6F1D30096E405 /* PBXContainerItemProxy */;
		};
/* End PBXTargetDependency section */

/* Begin PBXVariantGroup section */
		BAB4DEC51FD6F1D20096E405 /* Main.storyboard */ = {
			isa = PBXVariantGroup;
			children = (
				BAB4DEC61FD6F1D20096E405 /* Base */,
			);
			name = Main.storyboard;
			sourceTree = "<group>";
		};
		BAB4DECD1FD6F1D20096E405 /* LaunchScreen.storyboard */ = {
			isa = PBXVariantGroup;
			children = (
				BAB4DECE1FD6F1D20096E405 /* Base */,
			);
			name = LaunchScreen.storyboard;
			sourceTree = "<group>";
		};
/* End PBXVariantGroup section */

/* Begin XCBuildConfiguration section */
		BAB4DEE71FD6F1D30096E405 /* Debug */ = {
			isa = XCBuildConfiguration;
			buildSettings = {
				ALWAYS_SEARCH_USER_PATHS = NO;
				CLANG_ANALYZER_NONNULL = YES;
				CLANG_ANALYZER_NUMBER_OBJECT_CONVERSION = YES_AGGRESSIVE;
				CLANG_CXX_LANGUAGE_STANDARD = "gnu++14";
				CLANG_CXX_LIBRARY = "libc++";
				CLANG_ENABLE_MODULES = YES;
				CLANG_ENABLE_OBJC_ARC = YES;
				CLANG_WARN_BLOCK_CAPTURE_AUTORELEASING = YES;
				CLANG_WARN_BOOL_CONVERSION = YES;
				CLANG_WARN_COMMA = YES;
				CLANG_WARN_CONSTANT_CONVERSION = YES;
				CLANG_WARN_DIRECT_OBJC_ISA_USAGE = YES_ERROR;
				CLANG_WARN_DOCUMENTATION_COMMENTS = YES;
				CLANG_WARN_EMPTY_BODY = YES;
				CLANG_WARN_ENUM_CONVERSION = YES;
				CLANG_WARN_INFINITE_RECURSION = YES;
				CLANG_WARN_INT_CONVERSION = YES;
				CLANG_WARN_NON_LITERAL_NULL_CONVERSION = YES;
				CLANG_WARN_OBJC_LITERAL_CONVERSION = YES;
				CLANG_WARN_OBJC_ROOT_CLASS = YES_ERROR;
				CLANG_WARN_RANGE_LOOP_ANALYSIS = YES;
				CLANG_WARN_STRICT_PROTOTYPES = YES;
				CLANG_WARN_SUSPICIOUS_MOVE = YES;
				CLANG_WARN_UNGUARDED_AVAILABILITY = YES_AGGRESSIVE;
				CLANG_WARN_UNREACHABLE_CODE = YES;
				CLANG_WARN__DUPLICATE_METHOD_MATCH = YES;
				CODE_SIGN_IDENTITY = "iPhone Developer";
				COPY_PHASE_STRIP = NO;
				DEBUG_INFORMATION_FORMAT = dwarf;
				ENABLE_STRICT_OBJC_MSGSEND = YES;
				ENABLE_TESTABILITY = YES;
				GCC_C_LANGUAGE_STANDARD = gnu11;
				GCC_DYNAMIC_NO_PIC = NO;
				GCC_NO_COMMON_BLOCKS = YES;
				GCC_OPTIMIZATION_LEVEL = 0;
				GCC_PREPROCESSOR_DEFINITIONS = (
					"DEBUG=1",
					"$(inherited)",
				);
				GCC_WARN_64_TO_32_BIT_CONVERSION = YES;
				GCC_WARN_ABOUT_RETURN_TYPE = YES_ERROR;
				GCC_WARN_UNDECLARED_SELECTOR = YES;
				GCC_WARN_UNINITIALIZED_AUTOS = YES_AGGRESSIVE;
				GCC_WARN_UNUSED_FUNCTION = YES;
				GCC_WARN_UNUSED_VARIABLE = YES;
				IPHONEOS_DEPLOYMENT_TARGET = 11.2;
				MTL_ENABLE_DEBUG_INFO = YES;
				ONLY_ACTIVE_ARCH = YES;
				SDKROOT = iphoneos;
				SWIFT_ACTIVE_COMPILATION_CONDITIONS = DEBUG;
				SWIFT_OPTIMIZATION_LEVEL = "-Onone";
			};
			name = Debug;
		};
		BAB4DEE81FD6F1D30096E405 /* Release */ = {
			isa = XCBuildConfiguration;
			buildSettings = {
				ALWAYS_SEARCH_USER_PATHS = NO;
				CLANG_ANALYZER_NONNULL = YES;
				CLANG_ANALYZER_NUMBER_OBJECT_CONVERSION = YES_AGGRESSIVE;
				CLANG_CXX_LANGUAGE_STANDARD = "gnu++14";
				CLANG_CXX_LIBRARY = "libc++";
				CLANG_ENABLE_MODULES = YES;
				CLANG_ENABLE_OBJC_ARC = YES;
				CLANG_WARN_BLOCK_CAPTURE_AUTORELEASING = YES;
				CLANG_WARN_BOOL_CONVERSION = YES;
				CLANG_WARN_COMMA = YES;
				CLANG_WARN_CONSTANT_CONVERSION = YES;
				CLANG_WARN_DIRECT_OBJC_ISA_USAGE = YES_ERROR;
				CLANG_WARN_DOCUMENTATION_COMMENTS = YES;
				CLANG_WARN_EMPTY_BODY = YES;
				CLANG_WARN_ENUM_CONVERSION = YES;
				CLANG_WARN_INFINITE_RECURSION = YES;
				CLANG_WARN_INT_CONVERSION = YES;
				CLANG_WARN_NON_LITERAL_NULL_CONVERSION = YES;
				CLANG_WARN_OBJC_LITERAL_CONVERSION = YES;
				CLANG_WARN_OBJC_ROOT_CLASS = YES_ERROR;
				CLANG_WARN_RANGE_LOOP_ANALYSIS = YES;
				CLANG_WARN_STRICT_PROTOTYPES = YES;
				CLANG_WARN_SUSPICIOUS_MOVE = YES;
				CLANG_WARN_UNGUARDED_AVAILABILITY = YES_AGGRESSIVE;
				CLANG_WARN_UNREACHABLE_CODE = YES;
				CLANG_WARN__DUPLICATE_METHOD_MATCH = YES;
				CODE_SIGN_IDENTITY = "iPhone Developer";
				COPY_PHASE_STRIP = NO;
				DEBUG_INFORMATION_FORMAT = "dwarf-with-dsym";
				ENABLE_NS_ASSERTIONS = NO;
				ENABLE_STRICT_OBJC_MSGSEND = YES;
				GCC_C_LANGUAGE_STANDARD = gnu11;
				GCC_NO_COMMON_BLOCKS = YES;
				GCC_WARN_64_TO_32_BIT_CONVERSION = YES;
				GCC_WARN_ABOUT_RETURN_TYPE = YES_ERROR;
				GCC_WARN_UNDECLARED_SELECTOR = YES;
				GCC_WARN_UNINITIALIZED_AUTOS = YES_AGGRESSIVE;
				GCC_WARN_UNUSED_FUNCTION = YES;
				GCC_WARN_UNUSED_VARIABLE = YES;
				IPHONEOS_DEPLOYMENT_TARGET = 11.2;
				MTL_ENABLE_DEBUG_INFO = NO;
				SDKROOT = iphoneos;
				SWIFT_OPTIMIZATION_LEVEL = "-Owholemodule";
				VALIDATE_PRODUCT = YES;
			};
			name = Release;
		};
		BAB4DEEA1FD6F1D30096E405 /* Debug */ = {
			isa = XCBuildConfiguration;
			buildSettings = {
				ASSETCATALOG_COMPILER_APPICON_NAME = AppIcon;
				CODE_SIGN_STYLE = Automatic;
				DEVELOPMENT_TEAM = 6CE65434L7;
				INFOPLIST_FILE = Lab1Integration/Info.plist;
				LD_RUNPATH_SEARCH_PATHS = "$(inherited) @executable_path/Frameworks";
				PRODUCT_BUNDLE_IDENTIFIER = es.smartech.Lab1Integration;
				PRODUCT_NAME = "$(TARGET_NAME)";
				SWIFT_VERSION = 4.0;
				TARGETED_DEVICE_FAMILY = "1,2";
			};
			name = Debug;
		};
		BAB4DEEB1FD6F1D30096E405 /* Release */ = {
			isa = XCBuildConfiguration;
			buildSettings = {
				ASSETCATALOG_COMPILER_APPICON_NAME = AppIcon;
				CODE_SIGN_STYLE = Automatic;
				DEVELOPMENT_TEAM = 6CE65434L7;
				INFOPLIST_FILE = Lab1Integration/Info.plist;
				LD_RUNPATH_SEARCH_PATHS = "$(inherited) @executable_path/Frameworks";
				PRODUCT_BUNDLE_IDENTIFIER = es.smartech.Lab1Integration;
				PRODUCT_NAME = "$(TARGET_NAME)";
				SWIFT_VERSION = 4.0;
				TARGETED_DEVICE_FAMILY = "1,2";
			};
			name = Release;
		};
		BAB4DEED1FD6F1D30096E405 /* Debug */ = {
			isa = XCBuildConfiguration;
			buildSettings = {
				ALWAYS_EMBED_SWIFT_STANDARD_LIBRARIES = YES;
				BUNDLE_LOADER = "$(TEST_HOST)";
				CODE_SIGN_STYLE = Automatic;
				DEVELOPMENT_TEAM = 6CE65434L7;
				INFOPLIST_FILE = Lab1IntegrationTests/Info.plist;
				LD_RUNPATH_SEARCH_PATHS = "$(inherited) @executable_path/Frameworks @loader_path/Frameworks";
				PRODUCT_BUNDLE_IDENTIFIER = es.smartech.Lab1IntegrationTests;
				PRODUCT_NAME = "$(TARGET_NAME)";
				SWIFT_VERSION = 4.0;
				TARGETED_DEVICE_FAMILY = "1,2";
				TEST_HOST = "$(BUILT_PRODUCTS_DIR)/Lab1Integration.app/Lab1Integration";
			};
			name = Debug;
		};
		BAB4DEEE1FD6F1D30096E405 /* Release */ = {
			isa = XCBuildConfiguration;
			buildSettings = {
				ALWAYS_EMBED_SWIFT_STANDARD_LIBRARIES = YES;
				BUNDLE_LOADER = "$(TEST_HOST)";
				CODE_SIGN_STYLE = Automatic;
				DEVELOPMENT_TEAM = 6CE65434L7;
				INFOPLIST_FILE = Lab1IntegrationTests/Info.plist;
				LD_RUNPATH_SEARCH_PATHS = "$(inherited) @executable_path/Frameworks @loader_path/Frameworks";
				PRODUCT_BUNDLE_IDENTIFIER = es.smartech.Lab1IntegrationTests;
				PRODUCT_NAME = "$(TARGET_NAME)";
				SWIFT_VERSION = 4.0;
				TARGETED_DEVICE_FAMILY = "1,2";
				TEST_HOST = "$(BUILT_PRODUCTS_DIR)/Lab1Integration.app/Lab1Integration";
			};
			name = Release;
		};
		BAB4DEF01FD6F1D30096E405 /* Debug */ = {
			isa = XCBuildConfiguration;
			buildSettings = {
				ALWAYS_EMBED_SWIFT_STANDARD_LIBRARIES = YES;
				CODE_SIGN_STYLE = Automatic;
				DEVELOPMENT_TEAM = 6CE65434L7;
				INFOPLIST_FILE = Lab1IntegrationUITests/Info.plist;
				LD_RUNPATH_SEARCH_PATHS = "$(inherited) @executable_path/Frameworks @loader_path/Frameworks";
				PRODUCT_BUNDLE_IDENTIFIER = es.smartech.Lab1IntegrationUITests;
				PRODUCT_NAME = "$(TARGET_NAME)";
				SWIFT_VERSION = 4.0;
				TARGETED_DEVICE_FAMILY = "1,2";
				TEST_TARGET_NAME = Lab1Integration;
			};
			name = Debug;
		};
		BAB4DEF11FD6F1D30096E405 /* Release */ = {
			isa = XCBuildConfiguration;
			buildSettings = {
				ALWAYS_EMBED_SWIFT_STANDARD_LIBRARIES = YES;
				CODE_SIGN_STYLE = Automatic;
				DEVELOPMENT_TEAM = 6CE65434L7;
				INFOPLIST_FILE = Lab1IntegrationUITests/Info.plist;
				LD_RUNPATH_SEARCH_PATHS = "$(inherited) @executable_path/Frameworks @loader_path/Frameworks";
				PRODUCT_BUNDLE_IDENTIFIER = es.smartech.Lab1IntegrationUITests;
				PRODUCT_NAME = "$(TARGET_NAME)";
				SWIFT_VERSION = 4.0;
				TARGETED_DEVICE_FAMILY = "1,2";
				TEST_TARGET_NAME = Lab1Integration;
			};
			name = Release;
		};
/* End XCBuildConfiguration section */

/* Begin XCConfigurationList section */
		BAB4DEB91FD6F1D20096E405 /* Build configuration list for PBXProject "Lab1Integration" */ = {
			isa = XCConfigurationList;
			buildConfigurations = (
				BAB4DEE71FD6F1D30096E405 /* Debug */,
				BAB4DEE81FD6F1D30096E405 /* Release */,
			);
			defaultConfigurationIsVisible = 0;
			defaultConfigurationName = Release;
		};
		BAB4DEE91FD6F1D30096E405 /* Build configuration list for PBXNativeTarget "Lab1Integration" */ = {
			isa = XCConfigurationList;
			buildConfigurations = (
				BAB4DEEA1FD6F1D30096E405 /* Debug */,
				BAB4DEEB1FD6F1D30096E405 /* Release */,
			);
			defaultConfigurationIsVisible = 0;
			defaultConfigurationName = Release;
		};
		BAB4DEEC1FD6F1D30096E405 /* Build configuration list for PBXNativeTarget "Lab1IntegrationTests" */ = {
			isa = XCConfigurationList;
			buildConfigurations = (
				BAB4DEED1FD6F1D30096E405 /* Debug */,
				BAB4DEEE1FD6F1D30096E405 /* Release */,
			);
			defaultConfigurationIsVisible = 0;
			defaultConfigurationName = Release;
		};
		BAB4DEEF1FD6F1D30096E405 /* Build configuration list for PBXNativeTarget "Lab1IntegrationUITests" */ = {
			isa = XCConfigurationList;
			buildConfigurations = (
				BAB4DEF01FD6F1D30096E405 /* Debug */,
				BAB4DEF11FD6F1D30096E405 /* Release */,
			);
			defaultConfigurationIsVisible = 0;
			defaultConfigurationName = Release;
		};
/* End XCConfigurationList section */

/* Begin XCVersionGroup section */
		BAB4DEC81FD6F1D20096E405 /* Lab1Integration.xcdatamodeld */ = {
			isa = XCVersionGroup;
			children = (
				BAB4DEC91FD6F1D20096E405 /* Lab1Integration.xcdatamodel */,
			);
			currentVersion = BAB4DEC91FD6F1D20096E405 /* Lab1Integration.xcdatamodel */;
			path = Lab1Integration.xcdatamodeld;
			sourceTree = "<group>";
			versionGroupType = wrapper.xcdatamodel;
		};
/* End XCVersionGroup section */
	};
	rootObject = BAB4DEB61FD6F1D20096E405 /* Project object */;
}
